# This file is automatically @generated by Cargo.
# It is not intended for manual editing.
version = 4

[[package]]
name = "autocfg"
version = "1.5.0"
source = "registry+https://github.com/rust-lang/crates.io-index"
checksum = "c08606f8c3cbf4ce6ec8e28fb0014a2c086708fe954eaa885384a6165172e7e8"

[[package]]
name = "chrono"
version = "0.4.43"
source = "registry+https://github.com/rust-lang/crates.io-index"
checksum = "fac4744fb15ae8337dc853fee7fb3f4e48c0fbaa23d0afe49c447b4fab126118"
dependencies = [
 "num-traits",
]

[[package]]
name = "chrono-tz"
version = "0.10.4"
source = "registry+https://github.com/rust-lang/crates.io-index"
checksum = "a6139a8597ed92cf816dfb33f5dd6cf0bb93a6adc938f11039f371bc5bcd26c3"
dependencies = [
 "chrono",
 "phf",
]

[[package]]
name = "num-traits"
version = "0.2.19"
source = "registry+https://github.com/rust-lang/crates.io-index"
checksum = "071dfc062690e90b734c0b2273ce72ad0ffa95f0c74596bc250dcfd960262841"
dependencies = [
 "autocfg",
]

[[package]]
name = "phf"
version = "0.12.1"
source = "registry+https://github.com/rust-lang/crates.io-index"
checksum = "913273894cec178f401a31ec4b656318d95473527be05c0752cc41cdc32be8b7"
dependencies = [
 "phf_shared",
]

[[package]]
name = "phf_shared"
version = "0.12.1"
source = "registry+https://github.com/rust-lang/crates.io-index"
checksum = "06005508882fb681fd97892ecff4b7fd0fee13ef1aa569f8695dae7ab9099981"
dependencies = [
 "siphasher",
]

[[package]]
name = "siphasher"
version = "1.0.2"
source = "registry+https://github.com/rust-lang/crates.io-index"
checksum = "b2aa850e253778c88a04c3d7323b043aeda9d3e30d5971937c1855769763678e"

[[package]]
name = "solar_tracker"
version = "0.1.0"
dependencies = [
 "chrono",
 "chrono-tz",
]
